
Microsoft Visual Studio Solution File, Format Version 12.00
# Visual Studio 15
VisualStudioVersion = 15.0.28010.2003
MinimumVisualStudioVersion = 10.0.40219.1
Project("{FAE04EC0-301F-11D3-BF4B-00C04F79EFBC}") = "CMDotNet", "CMDotNet\CMDotNet.csproj", "{28DA3CFC-26D6-4020-8BA0-8A9CAAFF6A42}"
EndProject
Project("{9A19103F-16F7-4668-BE54-9A1E7A4F7556}") = "CMDotNet.Tests", "CMDotNet.Tests\CMDotNet.Tests.csproj", "{B6B60828-80C4-45C0-A4AF-60873785C644}"
EndProject
Global
	GlobalSection(SolutionConfigurationPlatforms) = preSolution
		Debug|Any CPU = Debug|Any CPU
		Release|Any CPU = Release|Any CPU
	EndGlobalSection
	GlobalSection(ProjectConfigurationPlatforms) = postSolution
		{28DA3CFC-26D6-4020-8BA0-8A9CAAFF6A42}.Debug|Any CPU.ActiveCfg = Debug|Any CPU
		{28DA3CFC-26D6-4020-8BA0-8A9CAAFF6A42}.Debug|Any CPU.Build.0 = Debug|Any CPU
		{28DA3CFC-26D6-4020-8BA0-8A9CAAFF6A42}.Release|Any CPU.ActiveCfg = Release|Any CPU
		{28DA3CFC-26D6-4020-8BA0-8A9CAAFF6A42}.Release|Any CPU.Build.0 = Release|Any CPU
		{B6B60828-80C4-45C0-A4AF-60873785C644}.Debug|Any CPU.ActiveCfg = Debug|Any CPU
		{B6B60828-80C4-45C0-A4AF-60873785C644}.Debug|Any CPU.Build.0 = Debug|Any CPU
		{B6B60828-80C4-45C0-A4AF-60873785C644}.Release|Any CPU.ActiveCfg = Release|Any CPU
		{B6B60828-80C4-45C0-A4AF-60873785C644}.Release|Any CPU.Build.0 = Release|Any CPU
	EndGlobalSection
	GlobalSection(SolutionProperties) = preSolution
		HideSolutionNode = FALSE
	EndGlobalSection
	GlobalSection(ExtensibilityGlobals) = postSolution
		SolutionGuid = {B502A99A-9AD4-4343-88C8-52A599745B37}
	EndGlobalSection
EndGlobal
